// !$*UTF8*$!
{
	archiveVersion = 1;
	classes = {
	};
	objectVersion = 50;
	objects = {

/* Begin PBXBuildFile section */
		EC0607B9226F4C24003C2D86 /* AddItemViewController.swift in Sources */ = {isa = PBXBuildFile; fileRef = EC0607B8226F4C24003C2D86 /* AddItemViewController.swift */; };
		EC3F655522714F4A0064CE60 /* AddItemViewControllerDelegate.swift in Sources */ = {isa = PBXBuildFile; fileRef = EC3F655422714F4A0064CE60 /* AddItemViewControllerDelegate.swift */; };
		EC54DA7E226E01F400F3343E /* ChecklistItem.swift in Sources */ = {isa = PBXBuildFile; fileRef = EC54DA7D226E01F400F3343E /* ChecklistItem.swift */; };
		EC54DA82226E12D800F3343E /* CheckListItemHelper.swift in Sources */ = {isa = PBXBuildFile; fileRef = EC54DA81226E12D800F3343E /* CheckListItemHelper.swift */; };
		EC54DA84226E149100F3343E /* ChecklistTableViewCell.swift in Sources */ = {isa = PBXBuildFile; fileRef = EC54DA83226E149100F3343E /* ChecklistTableViewCell.swift */; };
		EC5A59BF226C5DA100EF70A1 /* AppDelegate.swift in Sources */ = {isa = PBXBuildFile; fileRef = EC5A59BE226C5DA100EF70A1 /* AppDelegate.swift */; };
		EC5A59C1226C5DA100EF70A1 /* ChecklistViewController.swift in Sources */ = {isa = PBXBuildFile; fileRef = EC5A59C0226C5DA100EF70A1 /* ChecklistViewController.swift */; };
		EC5A59C4226C5DA100EF70A1 /* Main.storyboard in Resources */ = {isa = PBXBuildFile; fileRef = EC5A59C2226C5DA100EF70A1 /* Main.storyboard */; };
		EC5A59C6226C5DA400EF70A1 /* Assets.xcassets in Resources */ = {isa = PBXBuildFile; fileRef = EC5A59C5226C5DA400EF70A1 /* Assets.xcassets */; };
		EC5A59C9226C5DA400EF70A1 /* LaunchScreen.storyboard in Resources */ = {isa = PBXBuildFile; fileRef = EC5A59C7226C5DA400EF70A1 /* LaunchScreen.storyboard */; };
/* End PBXBuildFile section */

/* Begin PBXFileReference section */
		EC0607B8226F4C24003C2D86 /* AddItemViewController.swift */ = {isa = PBXFileReference; lastKnownFileType = sourcecode.swift; path = AddItemViewController.swift; sourceTree = "<group>"; };
		EC3F655422714F4A0064CE60 /* AddItemViewControllerDelegate.swift */ = {isa = PBXFileReference; lastKnownFileType = sourcecode.swift; path = AddItemViewControllerDelegate.swift; sourceTree = "<group>"; };
		EC54DA7D226E01F400F3343E /* ChecklistItem.swift */ = {isa = PBXFileReference; lastKnownFileType = sourcecode.swift; path = ChecklistItem.swift; sourceTree = "<group>"; };
		EC54DA81226E12D800F3343E /* CheckListItemHelper.swift */ = {isa = PBXFileReference; lastKnownFileType = sourcecode.swift; path = CheckListItemHelper.swift; sourceTree = "<group>"; };
		EC54DA83226E149100F3343E /* ChecklistTableViewCell.swift */ = {isa = PBXFileReference; lastKnownFileType = sourcecode.swift; path = ChecklistTableViewCell.swift; sourceTree = "<group>"; };
		EC5A59BB226C5DA100EF70A1 /* Checklist.app */ = {isa = PBXFileReference; explicitFileType = wrapper.application; includeInIndex = 0; path = Checklist.app; sourceTree = BUILT_PRODUCTS_DIR; };
		EC5A59BE226C5DA100EF70A1 /* AppDelegate.swift */ = {isa = PBXFileReference; lastKnownFileType = sourcecode.swift; path = AppDelegate.swift; sourceTree = "<group>"; };
		EC5A59C0226C5DA100EF70A1 /* ChecklistViewController.swift */ = {isa = PBXFileReference; lastKnownFileType = sourcecode.swift; path = ChecklistViewController.swift; sourceTree = "<group>"; };
		EC5A59C3226C5DA100EF70A1 /* Base */ = {isa = PBXFileReference; lastKnownFileType = file.storyboard; name = Base; path = Base.lproj/Main.storyboard; sourceTree = "<group>"; };
		EC5A59C5226C5DA400EF70A1 /* Assets.xcassets */ = {isa = PBXFileReference; lastKnownFileType = folder.assetcatalog; path = Assets.xcassets; sourceTree = "<group>"; };
		EC5A59C8226C5DA400EF70A1 /* Base */ = {isa = PBXFileReference; lastKnownFileType = file.storyboard; name = Base; path = Base.lproj/LaunchScreen.storyboard; sourceTree = "<group>"; };
		EC5A59CA226C5DA400EF70A1 /* Info.plist */ = {isa = PBXFileReference; lastKnownFileType = text.plist.xml; path = Info.plist; sourceTree = "<group>"; };
/* End PBXFileReference section */

/* Begin PBXFrameworksBuildPhase section */
		EC5A59B8226C5DA100EF70A1 /* Frameworks */ = {
			isa = PBXFrameworksBuildPhase;
			buildActionMask = 2147483647;
			files = (
			);
			runOnlyForDeploymentPostprocessing = 0;
		};
/* End PBXFrameworksBuildPhase section */

/* Begin PBXGroup section */
		EC3F655322714F200064CE60 /* Delegate */ = {
			isa = PBXGroup;
			children = (
				EC3F655422714F4A0064CE60 /* AddItemViewControllerDelegate.swift */,
			);
			path = Delegate;
			sourceTree = "<group>";
		};
		EC54DA7C226E01D600F3343E /* Model */ = {
			isa = PBXGroup;
			children = (
				EC54DA7D226E01F400F3343E /* ChecklistItem.swift */,
			);
			path = Model;
			sourceTree = "<group>";
		};
		EC54DA80226E12C000F3343E /* Helper */ = {
			isa = PBXGroup;
			children = (
				EC54DA81226E12D800F3343E /* CheckListItemHelper.swift */,
			);
			path = Helper;
			sourceTree = "<group>";
		};
		EC54DA85226E18F200F3343E /* View */ = {
			isa = PBXGroup;
			children = (
				EC54DA83226E149100F3343E /* ChecklistTableViewCell.swift */,
			);
			path = View;
			sourceTree = "<group>";
		};
		EC54DA86226E193600F3343E /* Controller */ = {
			isa = PBXGroup;
			children = (
				EC5A59C0226C5DA100EF70A1 /* ChecklistViewController.swift */,
				EC0607B8226F4C24003C2D86 /* AddItemViewController.swift */,
			);
			path = Controller;
			sourceTree = "<group>";
		};
		EC5A59B2226C5DA100EF70A1 = {
			isa = PBXGroup;
			children = (
				EC5A59BD226C5DA100EF70A1 /* Checklist */,
				EC5A59BC226C5DA100EF70A1 /* Products */,
			);
			sourceTree = "<group>";
		};
		EC5A59BC226C5DA100EF70A1 /* Products */ = {
			isa = PBXGroup;
			children = (
				EC5A59BB226C5DA100EF70A1 /* Checklist.app */,
			);
			name = Products;
			sourceTree = "<group>";
		};
		EC5A59BD226C5DA100EF70A1 /* Checklist */ = {
			isa = PBXGroup;
			children = (
				EC3F655322714F200064CE60 /* Delegate */,
				EC54DA86226E193600F3343E /* Controller */,
				EC54DA85226E18F200F3343E /* View */,
				EC54DA80226E12C000F3343E /* Helper */,
				EC54DA7C226E01D600F3343E /* Model */,
				EC5A59BE226C5DA100EF70A1 /* AppDelegate.swift */,
				EC5A59C2226C5DA100EF70A1 /* Main.storyboard */,
				EC5A59C5226C5DA400EF70A1 /* Assets.xcassets */,
				EC5A59C7226C5DA400EF70A1 /* LaunchScreen.storyboard */,
				EC5A59CA226C5DA400EF70A1 /* Info.plist */,
			);
			path = Checklist;
			sourceTree = "<group>";
		};
/* End PBXGroup section */

/* Begin PBXNativeTarget section */
		EC5A59BA226C5DA100EF70A1 /* Checklist */ = {
			isa = PBXNativeTarget;
			buildConfigurationList = EC5A59CD226C5DA400EF70A1 /* Build configuration list for PBXNativeTarget "Checklist" */;
			buildPhases = (
				EC5A59B7226C5DA100EF70A1 /* Sources */,
				EC5A59B8226C5DA100EF70A1 /* Frameworks */,
				EC5A59B9226C5DA100EF70A1 /* Resources */,
			);
			buildRules = (
			);
			dependencies = (
			);
			name = Checklist;
			productName = Checklist;
			productReference = EC5A59BB226C5DA100EF70A1 /* Checklist.app */;
			productType = "com.apple.product-type.application";
		};
/* End PBXNativeTarget section */

/* Begin PBXProject section */
		EC5A59B3226C5DA100EF70A1 /* Project object */ = {
			isa = PBXProject;
			attributes = {
				LastSwiftUpdateCheck = 1020;
				LastUpgradeCheck = 1020;
				ORGANIZATIONNAME = "Hai Vu";
				TargetAttributes = {
					EC5A59BA226C5DA100EF70A1 = {
						CreatedOnToolsVersion = 10.2.1;
					};
				};
			};
			buildConfigurationList = EC5A59B6226C5DA100EF70A1 /* Build configuration list for PBXProject "Checklist" */;
			compatibilityVersion = "Xcode 9.3";
			developmentRegion = en;
			hasScannedForEncodings = 0;
			knownRegions = (
				en,
				Base,
			);
			mainGroup = EC5A59B2226C5DA100EF70A1;
			productRefGroup = EC5A59BC226C5DA100EF70A1 /* Products */;
			projectDirPath = "";
			projectRoot = "";
			targets = (
				EC5A59BA226C5DA100EF70A1 /* Checklist */,
			);
		};
/* End PBXProject section */

/* Begin PBXResourcesBuildPhase section */
		EC5A59B9226C5DA100EF70A1 /* Resources */ = {
			isa = PBXResourcesBuildPhase;
			buildActionMask = 2147483647;
			files = (
				EC5A59C9226C5DA400EF70A1 /* LaunchScreen.storyboard in Resources */,
				EC5A59C6226C5DA400EF70A1 /* Assets.xcassets in Resources */,
				EC5A59C4226C5DA100EF70A1 /* Main.storyboard in Resources */,
			);
			runOnlyForDeploymentPostprocessing = 0;
		};
/* End PBXResourcesBuildPhase section */

/* Begin PBXSourcesBuildPhase section */
		EC5A59B7226C5DA100EF70A1 /* Sources */ = {
			isa = PBXSourcesBuildPhase;
			buildActionMask = 2147483647;
			files = (
				EC5A59C1226C5DA100EF70A1 /* ChecklistViewController.swift in Sources */,
				EC54DA82226E12D800F3343E /* CheckListItemHelper.swift in Sources */,
				EC54DA7E226E01F400F3343E /* ChecklistItem.swift in Sources */,
				EC54DA84226E149100F3343E /* ChecklistTableViewCell.swift in Sources */,
				EC5A59BF226C5DA100EF70A1 /* AppDelegate.swift in Sources */,
				EC0607B9226F4C24003C2D86 /* AddItemViewController.swift in Sources */,
				EC3F655522714F4A0064CE60 /* AddItemViewControllerDelegate.swift in Sources */,
			);
			runOnlyForDeploymentPostprocessing = 0;
		};
/* End PBXSourcesBuildPhase section */

/* Begin PBXVariantGroup section */
		EC5A59C2226C5DA100EF70A1 /* Main.storyboard */ = {
			isa = PBXVariantGroup;
			children = (
				EC5A59C3226C5DA100EF70A1 /* Base */,
			);
			name = Main.storyboard;
			sourceTree = "<group>";
		};
		EC5A59C7226C5DA400EF70A1 /* LaunchScreen.storyboard */ = {
			isa = PBXVariantGroup;
			children = (
				EC5A59C8226C5DA400EF70A1 /* Base */,
			);
			name = LaunchScreen.storyboard;
			sourceTree = "<group>";
		};
/* End PBXVariantGroup section */

/* Begin XCBuildConfiguration section */
		EC5A59CB226C5DA400EF70A1 /* Debug */ = {
			isa = XCBuildConfiguration;
			buildSettings = {
				ALWAYS_SEARCH_USER_PATHS = NO;
				CLANG_ANALYZER_NONNULL = YES;
				CLANG_ANALYZER_NUMBER_OBJECT_CONVERSION = YES_AGGRESSIVE;
				CLANG_CXX_LANGUAGE_STANDARD = "gnu++14";
				CLANG_CXX_LIBRARY = "libc++";
				CLANG_ENABLE_MODULES = YES;
				CLANG_ENABLE_OBJC_ARC = YES;
				CLANG_ENABLE_OBJC_WEAK = YES;
				CLANG_WARN_BLOCK_CAPTURE_AUTORELEASING = YES;
				CLANG_WARN_BOOL_CONVERSION = YES;
				CLANG_WARN_COMMA = YES;
				CLANG_WARN_CONSTANT_CONVERSION = YES;
				CLANG_WARN_DEPRECATED_OBJC_IMPLEMENTATIONS = YES;
				CLANG_WARN_DIRECT_OBJC_ISA_USAGE = YES_ERROR;
				CLANG_WARN_DOCUMENTATION_COMMENTS = YES;
				CLANG_WARN_EMPTY_BODY = YES;
				CLANG_WARN_ENUM_CONVERSION = YES;
				CLANG_WARN_INFINITE_RECURSION = YES;
				CLANG_WARN_INT_CONVERSION = YES;
				CLANG_WARN_NON_LITERAL_NULL_CONVERSION = YES;
				CLANG_WARN_OBJC_IMPLICIT_RETAIN_SELF = YES;
				CLANG_WARN_OBJC_LITERAL_CONVERSION = YES;
				CLANG_WARN_OBJC_ROOT_CLASS = YES_ERROR;
				CLANG_WARN_RANGE_LOOP_ANALYSIS = YES;
				CLANG_WARN_STRICT_PROTOTYPES = YES;
				CLANG_WARN_SUSPICIOUS_MOVE = YES;
				CLANG_WARN_UNGUARDED_AVAILABILITY = YES_AGGRESSIVE;
				CLANG_WARN_UNREACHABLE_CODE = YES;
				CLANG_WARN__DUPLICATE_METHOD_MATCH = YES;
				CODE_SIGN_IDENTITY = "iPhone Developer";
				COPY_PHASE_STRIP = NO;
				DEBUG_INFORMATION_FORMAT = dwarf;
				ENABLE_STRICT_OBJC_MSGSEND = YES;
				ENABLE_TESTABILITY = YES;
				GCC_C_LANGUAGE_STANDARD = gnu11;
				GCC_DYNAMIC_NO_PIC = NO;
				GCC_NO_COMMON_BLOCKS = YES;
				GCC_OPTIMIZATION_LEVEL = 0;
				GCC_PREPROCESSOR_DEFINITIONS = (
					"DEBUG=1",
					"$(inherited)",
				);
				GCC_WARN_64_TO_32_BIT_CONVERSION = YES;
				GCC_WARN_ABOUT_RETURN_TYPE = YES_ERROR;
				GCC_WARN_UNDECLARED_SELECTOR = YES;
				GCC_WARN_UNINITIALIZED_AUTOS = YES_AGGRESSIVE;
				GCC_WARN_UNUSED_FUNCTION = YES;
				GCC_WARN_UNUSED_VARIABLE = YES;
				IPHONEOS_DEPLOYMENT_TARGET = 12.2;
				MTL_ENABLE_DEBUG_INFO = INCLUDE_SOURCE;
				MTL_FAST_MATH = YES;
				ONLY_ACTIVE_ARCH = YES;
				SDKROOT = iphoneos;
				SWIFT_ACTIVE_COMPILATION_CONDITIONS = DEBUG;
				SWIFT_OPTIMIZATION_LEVEL = "-Onone";
			};
			name = Debug;
		};
		EC5A59CC226C5DA400EF70A1 /* Release */ = {
			isa = XCBuildConfiguration;
			buildSettings = {
				ALWAYS_SEARCH_USER_PATHS = NO;
				CLANG_ANALYZER_NONNULL = YES;
				CLANG_ANALYZER_NUMBER_OBJECT_CONVERSION = YES_AGGRESSIVE;
				CLANG_CXX_LANGUAGE_STANDARD = "gnu++14";
				CLANG_CXX_LIBRARY = "libc++";
				CLANG_ENABLE_MODULES = YES;
				CLANG_ENABLE_OBJC_ARC = YES;
				CLANG_ENABLE_OBJC_WEAK = YES;
				CLANG_WARN_BLOCK_CAPTURE_AUTORELEASING = YES;
				CLANG_WARN_BOOL_CONVERSION = YES;
				CLANG_WARN_COMMA = YES;
				CLANG_WARN_CONSTANT_CONVERSION = YES;
				CLANG_WARN_DEPRECATED_OBJC_IMPLEMENTATIONS = YES;
				CLANG_WARN_DIRECT_OBJC_ISA_USAGE = YES_ERROR;
				CLANG_WARN_DOCUMENTATION_COMMENTS = YES;
				CLANG_WARN_EMPTY_BODY = YES;
				CLANG_WARN_ENUM_CONVERSION = YES;
				CLANG_WARN_INFINITE_RECURSION = YES;
				CLANG_WARN_INT_CONVERSION = YES;
				CLANG_WARN_NON_LITERAL_NULL_CONVERSION = YES;
				CLANG_WARN_OBJC_IMPLICIT_RETAIN_SELF = YES;
				CLANG_WARN_OBJC_LITERAL_CONVERSION = YES;
				CLANG_WARN_OBJC_ROOT_CLASS = YES_ERROR;
				CLANG_WARN_RANGE_LOOP_ANALYSIS = YES;
				CLANG_WARN_STRICT_PROTOTYPES = YES;
				CLANG_WARN_SUSPICIOUS_MOVE = YES;
				CLANG_WARN_UNGUARDED_AVAILABILITY = YES_AGGRESSIVE;
				CLANG_WARN_UNREACHABLE_CODE = YES;
				CLANG_WARN__DUPLICATE_METHOD_MATCH = YES;
				CODE_SIGN_IDENTITY = "iPhone Developer";
				COPY_PHASE_STRIP = NO;
				DEBUG_INFORMATION_FORMAT = "dwarf-with-dsym";
				ENABLE_NS_ASSERTIONS = NO;
				ENABLE_STRICT_OBJC_MSGSEND = YES;
				GCC_C_LANGUAGE_STANDARD = gnu11;
				GCC_NO_COMMON_BLOCKS = YES;
				GCC_WARN_64_TO_32_BIT_CONVERSION = YES;
				GCC_WARN_ABOUT_RETURN_TYPE = YES_ERROR;
				GCC_WARN_UNDECLARED_SELECTOR = YES;
				GCC_WARN_UNINITIALIZED_AUTOS = YES_AGGRESSIVE;
				GCC_WARN_UNUSED_FUNCTION = YES;
				GCC_WARN_UNUSED_VARIABLE = YES;
				IPHONEOS_DEPLOYMENT_TARGET = 12.2;
				MTL_ENABLE_DEBUG_INFO = NO;
				MTL_FAST_MATH = YES;
				SDKROOT = iphoneos;
				SWIFT_COMPILATION_MODE = wholemodule;
				SWIFT_OPTIMIZATION_LEVEL = "-O";
				VALIDATE_PRODUCT = YES;
			};
			name = Release;
		};
		EC5A59CE226C5DA400EF70A1 /* Debug */ = {
			isa = XCBuildConfiguration;
			buildSettings = {
				ASSETCATALOG_COMPILER_APPICON_NAME = AppIcon;
				CODE_SIGN_STYLE = Automatic;
				DEVELOPMENT_TEAM = M6L52K5U45;
				INFOPLIST_FILE = Checklist/Info.plist;
				LD_RUNPATH_SEARCH_PATHS = (
					"$(inherited)",
					"@executable_path/Frameworks",
				);
				PRODUCT_BUNDLE_IDENTIFIER = vnhai.com.vn.Checklist;
				PRODUCT_NAME = "$(TARGET_NAME)";
				SWIFT_VERSION = 5.0;
				TARGETED_DEVICE_FAMILY = "1,2";
			};
			name = Debug;
		};
		EC5A59CF226C5DA400EF70A1 /* Release */ = {
			isa = XCBuildConfiguration;
			buildSettings = {
				ASSETCATALOG_COMPILER_APPICON_NAME = AppIcon;
				CODE_SIGN_STYLE = Automatic;
				DEVELOPMENT_TEAM = M6L52K5U45;
				INFOPLIST_FILE = Checklist/Info.plist;
				LD_RUNPATH_SEARCH_PATHS = (
					"$(inherited)",
					"@executable_path/Frameworks",
				);
				PRODUCT_BUNDLE_IDENTIFIER = vnhai.com.vn.Checklist;
				PRODUCT_NAME = "$(TARGET_NAME)";
				SWIFT_VERSION = 5.0;
				TARGETED_DEVICE_FAMILY = "1,2";
			};
			name = Release;
		};
/* End XCBuildConfiguration section */

/* Begin XCConfigurationList section */
		EC5A59B6226C5DA100EF70A1 /* Build configuration list for PBXProject "Checklist" */ = {
			isa = XCConfigurationList;
			buildConfigurations = (
				EC5A59CB226C5DA400EF70A1 /* Debug */,
				EC5A59CC226C5DA400EF70A1 /* Release */,
			);
			defaultConfigurationIsVisible = 0;
			defaultConfigurationName = Release;
		};
		EC5A59CD226C5DA400EF70A1 /* Build configuration list for PBXNativeTarget "Checklist" */ = {
			isa = XCConfigurationList;
			buildConfigurations = (
				EC5A59CE226C5DA400EF70A1 /* Debug */,
				EC5A59CF226C5DA400EF70A1 /* Release */,
			);
			defaultConfigurationIsVisible = 0;
			defaultConfigurationName = Release;
		};
/* End XCConfigurationList section */
	};
	rootObject = EC5A59B3226C5DA100EF70A1 /* Project object */;
}
